
Microsoft Visual Studio Solution File, Format Version 12.00
# Visual Studio Version 17
VisualStudioVersion = 17.11.35312.102
MinimumVisualStudioVersion = 10.0.40219.1
Project("{FAE04EC0-301F-11D3-BF4B-00C04F79EFBC}") = "MyProject", "MyProject\MyProject.csproj", "{DB0EFE06-C6B3-4C01-98A4-968D58E746C2}"
EndProject
Global
	GlobalSection(SolutionConfigurationPlatforms) = preSolution
		Debug|Any CPU = Debug|Any CPU
		Release|Any CPU = Release|Any CPU
	EndGlobalSection
	GlobalSection(ProjectConfigurationPlatforms) = postSolution
		{DB0EFE06-C6B3-4C01-98A4-968D58E746C2}.Debug|Any CPU.ActiveCfg = Debug|Any CPU
		{DB0EFE06-C6B3-4C01-98A4-968D58E746C2}.Debug|Any CPU.Build.0 = Debug|Any CPU
		{DB0EFE06-C6B3-4C01-98A4-968D58E746C2}.Release|Any CPU.ActiveCfg = Release|Any CPU
		{DB0EFE06-C6B3-4C01-98A4-968D58E746C2}.Release|Any CPU.Build.0 = Release|Any CPU
	EndGlobalSection
	GlobalSection(SolutionProperties) = preSolution
		HideSolutionNode = FALSE
	EndGlobalSection
	GlobalSection(ExtensibilityGlobals) = postSolution
		SolutionGuid = {CB60B708-E9C0-4609-A098-CE76F03485CA}
	EndGlobalSection
EndGlobal
